// !$*UTF8*$!
{
	archiveVersion = 1;
	classes = {
	};
	objectVersion = 46;
	objects = {

/* Begin PBXBuildFile section */
		A75A0FBC1DEBF403001F0E16 /* AppDelegate.swift in Sources */ = {isa = PBXBuildFile; fileRef = A75A0FBB1DEBF403001F0E16 /* AppDelegate.swift */; };
		A75A0FBE1DEBF403001F0E16 /* ViewController.swift in Sources */ = {isa = PBXBuildFile; fileRef = A75A0FBD1DEBF403001F0E16 /* ViewController.swift */; };
		A75A0FC11DEBF404001F0E16 /* Main.storyboard in Resources */ = {isa = PBXBuildFile; fileRef = A75A0FBF1DEBF404001F0E16 /* Main.storyboard */; };
		A75A0FC41DEBF405001F0E16 /* IOSCoreDataExample.xcdatamodeld in Sources */ = {isa = PBXBuildFile; fileRef = A75A0FC21DEBF404001F0E16 /* IOSCoreDataExample.xcdatamodeld */; };
		A75A0FC61DEBF405001F0E16 /* Assets.xcassets in Resources */ = {isa = PBXBuildFile; fileRef = A75A0FC51DEBF405001F0E16 /* Assets.xcassets */; };
		A75A0FC91DEBF405001F0E16 /* LaunchScreen.storyboard in Resources */ = {isa = PBXBuildFile; fileRef = A75A0FC71DEBF405001F0E16 /* LaunchScreen.storyboard */; };
/* End PBXBuildFile section */

/* Begin PBXFileReference section */
		A75A0FB81DEBF402001F0E16 /* IOSCoreDataExample.app */ = {isa = PBXFileReference; explicitFileType = wrapper.application; includeInIndex = 0; path = IOSCoreDataExample.app; sourceTree = BUILT_PRODUCTS_DIR; };
		A75A0FBB1DEBF403001F0E16 /* AppDelegate.swift */ = {isa = PBXFileReference; lastKnownFileType = sourcecode.swift; path = AppDelegate.swift; sourceTree = "<group>"; };
		A75A0FBD1DEBF403001F0E16 /* ViewController.swift */ = {isa = PBXFileReference; lastKnownFileType = sourcecode.swift; path = ViewController.swift; sourceTree = "<group>"; };
		A75A0FC01DEBF404001F0E16 /* Base */ = {isa = PBXFileReference; lastKnownFileType = file.storyboard; name = Base; path = Base.lproj/Main.storyboard; sourceTree = "<group>"; };
		A75A0FC31DEBF404001F0E16 /* IOSCoreDataExample.xcdatamodel */ = {isa = PBXFileReference; lastKnownFileType = wrapper.xcdatamodel; path = IOSCoreDataExample.xcdatamodel; sourceTree = "<group>"; };
		A75A0FC51DEBF405001F0E16 /* Assets.xcassets */ = {isa = PBXFileReference; lastKnownFileType = folder.assetcatalog; path = Assets.xcassets; sourceTree = "<group>"; };
		A75A0FC81DEBF405001F0E16 /* Base */ = {isa = PBXFileReference; lastKnownFileType = file.storyboard; name = Base; path = Base.lproj/LaunchScreen.storyboard; sourceTree = "<group>"; };
		A75A0FCA1DEBF405001F0E16 /* Info.plist */ = {isa = PBXFileReference; lastKnownFileType = text.plist.xml; path = Info.plist; sourceTree = "<group>"; };
/* End PBXFileReference section */

/* Begin PBXFrameworksBuildPhase section */
		A75A0FB51DEBF402001F0E16 /* Frameworks */ = {
			isa = PBXFrameworksBuildPhase;
			buildActionMask = 2147483647;
			files = (
			);
			runOnlyForDeploymentPostprocessing = 0;
		};
/* End PBXFrameworksBuildPhase section */

/* Begin PBXGroup section */
		A75A0FAF1DEBF401001F0E16 = {
			isa = PBXGroup;
			children = (
				A75A0FBA1DEBF402001F0E16 /* IOSCoreDataExample */,
				A75A0FB91DEBF402001F0E16 /* Products */,
			);
			sourceTree = "<group>";
		};
		A75A0FB91DEBF402001F0E16 /* Products */ = {
			isa = PBXGroup;
			children = (
				A75A0FB81DEBF402001F0E16 /* IOSCoreDataExample.app */,
			);
			name = Products;
			sourceTree = "<group>";
		};
		A75A0FBA1DEBF402001F0E16 /* IOSCoreDataExample */ = {
			isa = PBXGroup;
			children = (
				A75A0FBB1DEBF403001F0E16 /* AppDelegate.swift */,
				A75A0FBD1DEBF403001F0E16 /* ViewController.swift */,
				A75A0FBF1DEBF404001F0E16 /* Main.storyboard */,
				A75A0FC51DEBF405001F0E16 /* Assets.xcassets */,
				A75A0FC71DEBF405001F0E16 /* LaunchScreen.storyboard */,
				A75A0FCA1DEBF405001F0E16 /* Info.plist */,
				A75A0FC21DEBF404001F0E16 /* IOSCoreDataExample.xcdatamodeld */,
			);
			path = IOSCoreDataExample;
			sourceTree = "<group>";
		};
/* End PBXGroup section */

/* Begin PBXNativeTarget section */
		A75A0FB71DEBF402001F0E16 /* IOSCoreDataExample */ = {
			isa = PBXNativeTarget;
			buildConfigurationList = A75A0FCD1DEBF405001F0E16 /* Build configuration list for PBXNativeTarget "IOSCoreDataExample" */;
			buildPhases = (
				A75A0FB41DEBF402001F0E16 /* Sources */,
				A75A0FB51DEBF402001F0E16 /* Frameworks */,
				A75A0FB61DEBF402001F0E16 /* Resources */,
			);
			buildRules = (
			);
			dependencies = (
			);
			name = IOSCoreDataExample;
			productName = IOSCoreDataExample;
			productReference = A75A0FB81DEBF402001F0E16 /* IOSCoreDataExample.app */;
			productType = "com.apple.product-type.application";
		};
/* End PBXNativeTarget section */

/* Begin PBXProject section */
		A75A0FB01DEBF401001F0E16 /* Project object */ = {
			isa = PBXProject;
			attributes = {
				LastSwiftUpdateCheck = 0810;
				LastUpgradeCheck = 0810;
				ORGANIZATIONNAME = shikha;
				TargetAttributes = {
					A75A0FB71DEBF402001F0E16 = {
						CreatedOnToolsVersion = 8.1;
						ProvisioningStyle = Automatic;
					};
				};
			};
			buildConfigurationList = A75A0FB31DEBF402001F0E16 /* Build configuration list for PBXProject "IOSCoreDataExample" */;
			compatibilityVersion = "Xcode 3.2";
			developmentRegion = English;
			hasScannedForEncodings = 0;
			knownRegions = (
				en,
				Base,
			);
			mainGroup = A75A0FAF1DEBF401001F0E16;
			productRefGroup = A75A0FB91DEBF402001F0E16 /* Products */;
			projectDirPath = "";
			projectRoot = "";
			targets = (
				A75A0FB71DEBF402001F0E16 /* IOSCoreDataExample */,
			);
		};
/* End PBXProject section */

/* Begin PBXResourcesBuildPhase section */
		A75A0FB61DEBF402001F0E16 /* Resources */ = {
			isa = PBXResourcesBuildPhase;
			buildActionMask = 2147483647;
			files = (
				A75A0FC91DEBF405001F0E16 /* LaunchScreen.storyboard in Resources */,
				A75A0FC61DEBF405001F0E16 /* Assets.xcassets in Resources */,
				A75A0FC11DEBF404001F0E16 /* Main.storyboard in Resources */,
			);
			runOnlyForDeploymentPostprocessing = 0;
		};
/* End PBXResourcesBuildPhase section */

/* Begin PBXSourcesBuildPhase section */
		A75A0FB41DEBF402001F0E16 /* Sources */ = {
			isa = PBXSourcesBuildPhase;
			buildActionMask = 2147483647;
			files = (
				A75A0FBE1DEBF403001F0E16 /* ViewController.swift in Sources */,
				A75A0FC41DEBF405001F0E16 /* IOSCoreDataExample.xcdatamodeld in Sources */,
				A75A0FBC1DEBF403001F0E16 /* AppDelegate.swift in Sources */,
			);
			runOnlyForDeploymentPostprocessing = 0;
		};
/* End PBXSourcesBuildPhase section */

/* Begin PBXVariantGroup section */
		A75A0FBF1DEBF404001F0E16 /* Main.storyboard */ = {
			isa = PBXVariantGroup;
			children = (
				A75A0FC01DEBF404001F0E16 /* Base */,
			);
			name = Main.storyboard;
			sourceTree = "<group>";
		};
		A75A0FC71DEBF405001F0E16 /* LaunchScreen.storyboard */ = {
			isa = PBXVariantGroup;
			children = (
				A75A0FC81DEBF405001F0E16 /* Base */,
			);
			name = LaunchScreen.storyboard;
			sourceTree = "<group>";
		};
/* End PBXVariantGroup section */

/* Begin XCBuildConfiguration section */
		A75A0FCB1DEBF405001F0E16 /* Debug */ = {
			isa = XCBuildConfiguration;
			buildSettings = {
				ALWAYS_SEARCH_USER_PATHS = NO;
				CLANG_ANALYZER_NONNULL = YES;
				CLANG_CXX_LANGUAGE_STANDARD = "gnu++0x";
				CLANG_CXX_LIBRARY = "libc++";
				CLANG_ENABLE_MODULES = YES;
				CLANG_ENABLE_OBJC_ARC = YES;
				CLANG_WARN_BOOL_CONVERSION = YES;
				CLANG_WARN_CONSTANT_CONVERSION = YES;
				CLANG_WARN_DIRECT_OBJC_ISA_USAGE = YES_ERROR;
				CLANG_WARN_DOCUMENTATION_COMMENTS = YES;
				CLANG_WARN_EMPTY_BODY = YES;
				CLANG_WARN_ENUM_CONVERSION = YES;
				CLANG_WARN_INFINITE_RECURSION = YES;
				CLANG_WARN_INT_CONVERSION = YES;
				CLANG_WARN_OBJC_ROOT_CLASS = YES_ERROR;
				CLANG_WARN_SUSPICIOUS_MOVES = YES;
				CLANG_WARN_UNREACHABLE_CODE = YES;
				CLANG_WARN__DUPLICATE_METHOD_MATCH = YES;
				"CODE_SIGN_IDENTITY[sdk=iphoneos*]" = "iPhone Developer";
				COPY_PHASE_STRIP = NO;
				DEBUG_INFORMATION_FORMAT = dwarf;
				ENABLE_STRICT_OBJC_MSGSEND = YES;
				ENABLE_TESTABILITY = YES;
				GCC_C_LANGUAGE_STANDARD = gnu99;
				GCC_DYNAMIC_NO_PIC = NO;
				GCC_NO_COMMON_BLOCKS = YES;
				GCC_OPTIMIZATION_LEVEL = 0;
				GCC_PREPROCESSOR_DEFINITIONS = (
					"DEBUG=1",
					"$(inherited)",
				);
				GCC_WARN_64_TO_32_BIT_CONVERSION = YES;
				GCC_WARN_ABOUT_RETURN_TYPE = YES_ERROR;
				GCC_WARN_UNDECLARED_SELECTOR = YES;
				GCC_WARN_UNINITIALIZED_AUTOS = YES_AGGRESSIVE;
				GCC_WARN_UNUSED_FUNCTION = YES;
				GCC_WARN_UNUSED_VARIABLE = YES;
				IPHONEOS_DEPLOYMENT_TARGET = 10.1;
				MTL_ENABLE_DEBUG_INFO = YES;
				ONLY_ACTIVE_ARCH = YES;
				SDKROOT = iphoneos;
				SWIFT_ACTIVE_COMPILATION_CONDITIONS = DEBUG;
				SWIFT_OPTIMIZATION_LEVEL = "-Onone";
				TARGETED_DEVICE_FAMILY = "1,2";
			};
			name = Debug;
		};
		A75A0FCC1DEBF405001F0E16 /* Release */ = {
			isa = XCBuildConfiguration;
			buildSettings = {
				ALWAYS_SEARCH_USER_PATHS = NO;
				CLANG_ANALYZER_NONNULL = YES;
				CLANG_CXX_LANGUAGE_STANDARD = "gnu++0x";
				CLANG_CXX_LIBRARY = "libc++";
				CLANG_ENABLE_MODULES = YES;
				CLANG_ENABLE_OBJC_ARC = YES;
				CLANG_WARN_BOOL_CONVERSION = YES;
				CLANG_WARN_CONSTANT_CONVERSION = YES;
				CLANG_WARN_DIRECT_OBJC_ISA_USAGE = YES_ERROR;
				CLANG_WARN_DOCUMENTATION_COMMENTS = YES;
				CLANG_WARN_EMPTY_BODY = YES;
				CLANG_WARN_ENUM_CONVERSION = YES;
				CLANG_WARN_INFINITE_RECURSION = YES;
				CLANG_WARN_INT_CONVERSION = YES;
				CLANG_WARN_OBJC_ROOT_CLASS = YES_ERROR;
				CLANG_WARN_SUSPICIOUS_MOVES = YES;
				CLANG_WARN_UNREACHABLE_CODE = YES;
				CLANG_WARN__DUPLICATE_METHOD_MATCH = YES;
				"CODE_SIGN_IDENTITY[sdk=iphoneos*]" = "iPhone Developer";
				COPY_PHASE_STRIP = NO;
				DEBUG_INFORMATION_FORMAT = "dwarf-with-dsym";
				ENABLE_NS_ASSERTIONS = NO;
				ENABLE_STRICT_OBJC_MSGSEND = YES;
				GCC_C_LANGUAGE_STANDARD = gnu99;
				GCC_NO_COMMON_BLOCKS = YES;
				GCC_WARN_64_TO_32_BIT_CONVERSION = YES;
				GCC_WARN_ABOUT_RETURN_TYPE = YES_ERROR;
				GCC_WARN_UNDECLARED_SELECTOR = YES;
				GCC_WARN_UNINITIALIZED_AUTOS = YES_AGGRESSIVE;
				GCC_WARN_UNUSED_FUNCTION = YES;
				GCC_WARN_UNUSED_VARIABLE = YES;
				IPHONEOS_DEPLOYMENT_TARGET = 10.1;
				MTL_ENABLE_DEBUG_INFO = NO;
				SDKROOT = iphoneos;
				SWIFT_OPTIMIZATION_LEVEL = "-Owholemodule";
				TARGETED_DEVICE_FAMILY = "1,2";
				VALIDATE_PRODUCT = YES;
			};
			name = Release;
		};
		A75A0FCE1DEBF405001F0E16 /* Debug */ = {
			isa = XCBuildConfiguration;
			buildSettings = {
				ASSETCATALOG_COMPILER_APPICON_NAME = AppIcon;
				INFOPLIST_FILE = IOSCoreDataExample/Info.plist;
				LD_RUNPATH_SEARCH_PATHS = "$(inherited) @executable_path/Frameworks";
				PRODUCT_BUNDLE_IDENTIFIER = in.shikha.IOSCoreDataExample;
				PRODUCT_NAME = "$(TARGET_NAME)";
				SWIFT_VERSION = 3.0;
			};
			name = Debug;
		};
		A75A0FCF1DEBF405001F0E16 /* Release */ = {
			isa = XCBuildConfiguration;
			buildSettings = {
				ASSETCATALOG_COMPILER_APPICON_NAME = AppIcon;
				INFOPLIST_FILE = IOSCoreDataExample/Info.plist;
				LD_RUNPATH_SEARCH_PATHS = "$(inherited) @executable_path/Frameworks";
				PRODUCT_BUNDLE_IDENTIFIER = in.shikha.IOSCoreDataExample;
				PRODUCT_NAME = "$(TARGET_NAME)";
				SWIFT_VERSION = 3.0;
			};
			name = Release;
		};
/* End XCBuildConfiguration section */

/* Begin XCConfigurationList section */
		A75A0FB31DEBF402001F0E16 /* Build configuration list for PBXProject "IOSCoreDataExample" */ = {
			isa = XCConfigurationList;
			buildConfigurations = (
				A75A0FCB1DEBF405001F0E16 /* Debug */,
				A75A0FCC1DEBF405001F0E16 /* Release */,
			);
			defaultConfigurationIsVisible = 0;
			defaultConfigurationName = Release;
		};
		A75A0FCD1DEBF405001F0E16 /* Build configuration list for PBXNativeTarget "IOSCoreDataExample" */ = {
			isa = XCConfigurationList;
			buildConfigurations = (
				A75A0FCE1DEBF405001F0E16 /* Debug */,
				A75A0FCF1DEBF405001F0E16 /* Release */,
			);
			defaultConfigurationIsVisible = 0;
		};
/* End XCConfigurationList section */

/* Begin XCVersionGroup section */
		A75A0FC21DEBF404001F0E16 /* IOSCoreDataExample.xcdatamodeld */ = {
			isa = XCVersionGroup;
			children = (
				A75A0FC31DEBF404001F0E16 /* IOSCoreDataExample.xcdatamodel */,
			);
			currentVersion = A75A0FC31DEBF404001F0E16 /* IOSCoreDataExample.xcdatamodel */;
			path = IOSCoreDataExample.xcdatamodeld;
			sourceTree = "<group>";
			versionGroupType = wrapper.xcdatamodel;
		};
/* End XCVersionGroup section */
	};
	rootObject = A75A0FB01DEBF401001F0E16 /* Project object */;
}
